dependencies:
  espressif/console_simple_init:
    component_hash: b488b12318f3cb6e0b55b034bd12956926d45f0e1396442e820f8ece4776c306
    dependencies:
    - name: idf
      require: private
      version: '>=5.0'
    source:
      registry_url: https://components.espressif.com/
      type: service
    version: 1.1.0
  idf:
    source:
      type: idf
    version: 5.5.1
direct_dependencies:
- espressif/console_simple_init
- idf
manifest_hash: f8ac20c857b14150256b9144e7da5de9274ba459f80e5ff8fcc97bea208cdca0
target: esp32c3
version: 2.0.0
